
Microsoft Visual Studio Solution File, Format Version 12.00
# Visual Studio Version 17
VisualStudioVersion = 17.8.34525.116
MinimumVisualStudioVersion = 10.0.40219.1
Project("{9A19103F-16F7-4668-BE54-9A1E7A4F7556}") = "st10263992", "Cloud1\st10263992.csproj", "{A059A360-03FB-4439-8021-0B8235A5B280}"
EndProject
Global
	GlobalSection(SolutionConfigurationPlatforms) = preSolution
		Debug|Any CPU = Debug|Any CPU
		Release|Any CPU = Release|Any CPU
	EndGlobalSection
	GlobalSection(ProjectConfigurationPlatforms) = postSolution
		{A059A360-03FB-4439-8021-0B8235A5B280}.Debug|Any CPU.ActiveCfg = Debug|Any CPU
		{A059A360-03FB-4439-8021-0B8235A5B280}.Debug|Any CPU.Build.0 = Debug|Any CPU
		{A059A360-03FB-4439-8021-0B8235A5B280}.Release|Any CPU.ActiveCfg = Release|Any CPU
		{A059A360-03FB-4439-8021-0B8235A5B280}.Release|Any CPU.Build.0 = Release|Any CPU
	EndGlobalSection
	GlobalSection(SolutionProperties) = preSolution
		HideSolutionNode = FALSE
	EndGlobalSection
	GlobalSection(ExtensibilityGlobals) = postSolution
		SolutionGuid = {C094658E-9920-4750-A285-C4A91B9D754F}
	EndGlobalSection
EndGlobal
