
Microsoft Visual Studio Solution File, Format Version 12.00
# Visual Studio Version 17
VisualStudioVersion = 17.5.002.0
MinimumVisualStudioVersion = 10.0.40219.1
Project("{9A19103F-16F7-4668-BE54-9A1E7A4F7556}") = "st10263992", "st10263992.csproj", "{3B7B6D59-3128-40DD-A0CD-3114E412EC28}"
EndProject
Global
	GlobalSection(SolutionConfigurationPlatforms) = preSolution
		Debug|Any CPU = Debug|Any CPU
		Release|Any CPU = Release|Any CPU
	EndGlobalSection
	GlobalSection(ProjectConfigurationPlatforms) = postSolution
		{3B7B6D59-3128-40DD-A0CD-3114E412EC28}.Debug|Any CPU.ActiveCfg = Debug|Any CPU
		{3B7B6D59-3128-40DD-A0CD-3114E412EC28}.Debug|Any CPU.Build.0 = Debug|Any CPU
		{3B7B6D59-3128-40DD-A0CD-3114E412EC28}.Release|Any CPU.ActiveCfg = Release|Any CPU
		{3B7B6D59-3128-40DD-A0CD-3114E412EC28}.Release|Any CPU.Build.0 = Release|Any CPU
	EndGlobalSection
	GlobalSection(SolutionProperties) = preSolution
		HideSolutionNode = FALSE
	EndGlobalSection
	GlobalSection(ExtensibilityGlobals) = postSolution
		SolutionGuid = {92D4B220-F9A8-4B62-A516-4EF00460ED3C}
	EndGlobalSection
EndGlobal
