
Microsoft Visual Studio Solution File, Format Version 12.00
# Visual Studio Version 17
VisualStudioVersion = 17.5.002.0
MinimumVisualStudioVersion = 10.0.40219.1
Project("{9A19103F-16F7-4668-BE54-9A1E7A4F7556}") = "ST10263992", "ST10263992.csproj", "{FFE496B4-4C80-4243-9E23-843ACDD5CC23}"
EndProject
Global
	GlobalSection(SolutionConfigurationPlatforms) = preSolution
		Debug|Any CPU = Debug|Any CPU
		Release|Any CPU = Release|Any CPU
	EndGlobalSection
	GlobalSection(ProjectConfigurationPlatforms) = postSolution
		{FFE496B4-4C80-4243-9E23-843ACDD5CC23}.Debug|Any CPU.ActiveCfg = Debug|Any CPU
		{FFE496B4-4C80-4243-9E23-843ACDD5CC23}.Debug|Any CPU.Build.0 = Debug|Any CPU
		{FFE496B4-4C80-4243-9E23-843ACDD5CC23}.Release|Any CPU.ActiveCfg = Release|Any CPU
		{FFE496B4-4C80-4243-9E23-843ACDD5CC23}.Release|Any CPU.Build.0 = Release|Any CPU
	EndGlobalSection
	GlobalSection(SolutionProperties) = preSolution
		HideSolutionNode = FALSE
	EndGlobalSection
	GlobalSection(ExtensibilityGlobals) = postSolution
		SolutionGuid = {9D26E2ED-DACF-4EAD-986B-A3207A599DAC}
	EndGlobalSection
EndGlobal
